// !$*UTF8*$!
{
	archiveVersion = 1;
	classes = {
	};
	objectVersion = 55;
	objects = {

/* Begin PBXBuildFile section */
		31B22F5FAB815B28E7D79D10 /* Pods_enam_dua_test.framework in Frameworks */ = {isa = PBXBuildFile; fileRef = 7B602F7A129EB98C6CEDF8A7 /* Pods_enam_dua_test.framework */; };
		3875D19229F82E3200427439 /* AppDelegate.swift in Sources */ = {isa = PBXBuildFile; fileRef = 3875D19129F82E3200427439 /* AppDelegate.swift */; };
		3875D19429F82E3200427439 /* SceneDelegate.swift in Sources */ = {isa = PBXBuildFile; fileRef = 3875D19329F82E3200427439 /* SceneDelegate.swift */; };
		3875D19629F82E3200427439 /* ViewController.swift in Sources */ = {isa = PBXBuildFile; fileRef = 3875D19529F82E3200427439 /* ViewController.swift */; };
		3875D19929F82E3200427439 /* Main.storyboard in Resources */ = {isa = PBXBuildFile; fileRef = 3875D19729F82E3200427439 /* Main.storyboard */; };
		3875D19B29F82E3700427439 /* Assets.xcassets in Resources */ = {isa = PBXBuildFile; fileRef = 3875D19A29F82E3700427439 /* Assets.xcassets */; };
		3875D19E29F82E3700427439 /* LaunchScreen.storyboard in Resources */ = {isa = PBXBuildFile; fileRef = 3875D19C29F82E3700427439 /* LaunchScreen.storyboard */; };
		38A1F37A2A0275D9006EF51B /* YelpService.swift in Sources */ = {isa = PBXBuildFile; fileRef = 38A1F3792A0275D9006EF51B /* YelpService.swift */; };
		38A1F37F2A027A39006EF51B /* YelpResponse.swift in Sources */ = {isa = PBXBuildFile; fileRef = 38A1F37E2A027A39006EF51B /* YelpResponse.swift */; };
		38A1F3812A027A55006EF51B /* Category.swift in Sources */ = {isa = PBXBuildFile; fileRef = 38A1F3802A027A55006EF51B /* Category.swift */; };
		38A1F3832A027CA4006EF51B /* BusinessShort.swift in Sources */ = {isa = PBXBuildFile; fileRef = 38A1F3822A027CA4006EF51B /* BusinessShort.swift */; };
/* End PBXBuildFile section */

/* Begin PBXFileReference section */
		3875D18E29F82E3200427439 /* enam-dua-test.app */ = {isa = PBXFileReference; explicitFileType = wrapper.application; includeInIndex = 0; path = "enam-dua-test.app"; sourceTree = BUILT_PRODUCTS_DIR; };
		3875D19129F82E3200427439 /* AppDelegate.swift */ = {isa = PBXFileReference; lastKnownFileType = sourcecode.swift; path = AppDelegate.swift; sourceTree = "<group>"; };
		3875D19329F82E3200427439 /* SceneDelegate.swift */ = {isa = PBXFileReference; lastKnownFileType = sourcecode.swift; path = SceneDelegate.swift; sourceTree = "<group>"; };
		3875D19529F82E3200427439 /* ViewController.swift */ = {isa = PBXFileReference; lastKnownFileType = sourcecode.swift; path = ViewController.swift; sourceTree = "<group>"; };
		3875D19829F82E3200427439 /* Base */ = {isa = PBXFileReference; lastKnownFileType = file.storyboard; name = Base; path = Base.lproj/Main.storyboard; sourceTree = "<group>"; };
		3875D19A29F82E3700427439 /* Assets.xcassets */ = {isa = PBXFileReference; lastKnownFileType = folder.assetcatalog; path = Assets.xcassets; sourceTree = "<group>"; };
		3875D19D29F82E3700427439 /* Base */ = {isa = PBXFileReference; lastKnownFileType = file.storyboard; name = Base; path = Base.lproj/LaunchScreen.storyboard; sourceTree = "<group>"; };
		3875D19F29F82E3700427439 /* Info.plist */ = {isa = PBXFileReference; lastKnownFileType = text.plist.xml; path = Info.plist; sourceTree = "<group>"; };
		38A1F3792A0275D9006EF51B /* YelpService.swift */ = {isa = PBXFileReference; lastKnownFileType = sourcecode.swift; path = YelpService.swift; sourceTree = "<group>"; };
		38A1F37E2A027A39006EF51B /* YelpResponse.swift */ = {isa = PBXFileReference; lastKnownFileType = sourcecode.swift; path = YelpResponse.swift; sourceTree = "<group>"; };
		38A1F3802A027A55006EF51B /* Category.swift */ = {isa = PBXFileReference; lastKnownFileType = sourcecode.swift; path = Category.swift; sourceTree = "<group>"; };
		38A1F3822A027CA4006EF51B /* BusinessShort.swift */ = {isa = PBXFileReference; lastKnownFileType = sourcecode.swift; path = BusinessShort.swift; sourceTree = "<group>"; };
		4278761C35B73EAEF4EC7E42 /* Pods-enam-dua-test.debug.xcconfig */ = {isa = PBXFileReference; includeInIndex = 1; lastKnownFileType = text.xcconfig; name = "Pods-enam-dua-test.debug.xcconfig"; path = "Target Support Files/Pods-enam-dua-test/Pods-enam-dua-test.debug.xcconfig"; sourceTree = "<group>"; };
		7B602F7A129EB98C6CEDF8A7 /* Pods_enam_dua_test.framework */ = {isa = PBXFileReference; explicitFileType = wrapper.framework; includeInIndex = 0; path = Pods_enam_dua_test.framework; sourceTree = BUILT_PRODUCTS_DIR; };
		B8A2F23D33C53C46951B8D8F /* Pods-enam-dua-test.release.xcconfig */ = {isa = PBXFileReference; includeInIndex = 1; lastKnownFileType = text.xcconfig; name = "Pods-enam-dua-test.release.xcconfig"; path = "Target Support Files/Pods-enam-dua-test/Pods-enam-dua-test.release.xcconfig"; sourceTree = "<group>"; };
/* End PBXFileReference section */

/* Begin PBXFrameworksBuildPhase section */
		3875D18B29F82E3200427439 /* Frameworks */ = {
			isa = PBXFrameworksBuildPhase;
			buildActionMask = 2147483647;
			files = (
				31B22F5FAB815B28E7D79D10 /* Pods_enam_dua_test.framework in Frameworks */,
			);
			runOnlyForDeploymentPostprocessing = 0;
		};
/* End PBXFrameworksBuildPhase section */

/* Begin PBXGroup section */
		3875D18529F82E3100427439 = {
			isa = PBXGroup;
			children = (
				3875D19029F82E3200427439 /* enam-dua-test */,
				3875D18F29F82E3200427439 /* Products */,
				EC39CFCC6083372F73688ADE /* Pods */,
				6F3DF59B2FA427E72FFE006C /* Frameworks */,
			);
			sourceTree = "<group>";
		};
		3875D18F29F82E3200427439 /* Products */ = {
			isa = PBXGroup;
			children = (
				3875D18E29F82E3200427439 /* enam-dua-test.app */,
			);
			name = Products;
			sourceTree = "<group>";
		};
		3875D19029F82E3200427439 /* enam-dua-test */ = {
			isa = PBXGroup;
			children = (
				38A1F37D2A027A2A006EF51B /* Models */,
				38A1F3782A0275C4006EF51B /* Services */,
				3875D19129F82E3200427439 /* AppDelegate.swift */,
				3875D19329F82E3200427439 /* SceneDelegate.swift */,
				3875D19529F82E3200427439 /* ViewController.swift */,
				3875D19729F82E3200427439 /* Main.storyboard */,
				3875D19A29F82E3700427439 /* Assets.xcassets */,
				3875D19C29F82E3700427439 /* LaunchScreen.storyboard */,
				3875D19F29F82E3700427439 /* Info.plist */,
			);
			path = "enam-dua-test";
			sourceTree = "<group>";
		};
		38A1F3782A0275C4006EF51B /* Services */ = {
			isa = PBXGroup;
			children = (
				38A1F3792A0275D9006EF51B /* YelpService.swift */,
			);
			path = Services;
			sourceTree = "<group>";
		};
		38A1F37D2A027A2A006EF51B /* Models */ = {
			isa = PBXGroup;
			children = (
				38A1F37E2A027A39006EF51B /* YelpResponse.swift */,
				38A1F3802A027A55006EF51B /* Category.swift */,
				38A1F3822A027CA4006EF51B /* BusinessShort.swift */,
			);
			path = Models;
			sourceTree = "<group>";
		};
		6F3DF59B2FA427E72FFE006C /* Frameworks */ = {
			isa = PBXGroup;
			children = (
				7B602F7A129EB98C6CEDF8A7 /* Pods_enam_dua_test.framework */,
			);
			name = Frameworks;
			sourceTree = "<group>";
		};
		EC39CFCC6083372F73688ADE /* Pods */ = {
			isa = PBXGroup;
			children = (
				4278761C35B73EAEF4EC7E42 /* Pods-enam-dua-test.debug.xcconfig */,
				B8A2F23D33C53C46951B8D8F /* Pods-enam-dua-test.release.xcconfig */,
			);
			path = Pods;
			sourceTree = "<group>";
		};
/* End PBXGroup section */

/* Begin PBXNativeTarget section */
		3875D18D29F82E3200427439 /* enam-dua-test */ = {
			isa = PBXNativeTarget;
			buildConfigurationList = 3875D1A229F82E3700427439 /* Build configuration list for PBXNativeTarget "enam-dua-test" */;
			buildPhases = (
				5C0ADF5C15968936883DB1F1 /* [CP] Check Pods Manifest.lock */,
				3875D18A29F82E3200427439 /* Sources */,
				3875D18B29F82E3200427439 /* Frameworks */,
				3875D18C29F82E3200427439 /* Resources */,
				2E994455576D4AACF6C76451 /* [CP] Embed Pods Frameworks */,
			);
			buildRules = (
			);
			dependencies = (
			);
			name = "enam-dua-test";
			productName = "enam-dua-test";
			productReference = 3875D18E29F82E3200427439 /* enam-dua-test.app */;
			productType = "com.apple.product-type.application";
		};
/* End PBXNativeTarget section */

/* Begin PBXProject section */
		3875D18629F82E3100427439 /* Project object */ = {
			isa = PBXProject;
			attributes = {
				BuildIndependentTargetsInParallel = 1;
				LastSwiftUpdateCheck = 1320;
				LastUpgradeCheck = 1320;
				TargetAttributes = {
					3875D18D29F82E3200427439 = {
						CreatedOnToolsVersion = 13.2;
					};
				};
			};
			buildConfigurationList = 3875D18929F82E3200427439 /* Build configuration list for PBXProject "enam-dua-test" */;
			compatibilityVersion = "Xcode 13.0";
			developmentRegion = en;
			hasScannedForEncodings = 0;
			knownRegions = (
				en,
				Base,
			);
			mainGroup = 3875D18529F82E3100427439;
			productRefGroup = 3875D18F29F82E3200427439 /* Products */;
			projectDirPath = "";
			projectRoot = "";
			targets = (
				3875D18D29F82E3200427439 /* enam-dua-test */,
			);
		};
/* End PBXProject section */

/* Begin PBXResourcesBuildPhase section */
		3875D18C29F82E3200427439 /* Resources */ = {
			isa = PBXResourcesBuildPhase;
			buildActionMask = 2147483647;
			files = (
				3875D19E29F82E3700427439 /* LaunchScreen.storyboard in Resources */,
				3875D19B29F82E3700427439 /* Assets.xcassets in Resources */,
				3875D19929F82E3200427439 /* Main.storyboard in Resources */,
			);
			runOnlyForDeploymentPostprocessing = 0;
		};
/* End PBXResourcesBuildPhase section */

/* Begin PBXShellScriptBuildPhase section */
		2E994455576D4AACF6C76451 /* [CP] Embed Pods Frameworks */ = {
			isa = PBXShellScriptBuildPhase;
			buildActionMask = 2147483647;
			files = (
			);
			inputFileListPaths = (
				"${PODS_ROOT}/Target Support Files/Pods-enam-dua-test/Pods-enam-dua-test-frameworks-${CONFIGURATION}-input-files.xcfilelist",
			);
			name = "[CP] Embed Pods Frameworks";
			outputFileListPaths = (
				"${PODS_ROOT}/Target Support Files/Pods-enam-dua-test/Pods-enam-dua-test-frameworks-${CONFIGURATION}-output-files.xcfilelist",
			);
			runOnlyForDeploymentPostprocessing = 0;
			shellPath = /bin/sh;
			shellScript = "\"${PODS_ROOT}/Target Support Files/Pods-enam-dua-test/Pods-enam-dua-test-frameworks.sh\"\n";
			showEnvVarsInLog = 0;
		};
		5C0ADF5C15968936883DB1F1 /* [CP] Check Pods Manifest.lock */ = {
			isa = PBXShellScriptBuildPhase;
			buildActionMask = 2147483647;
			files = (
			);
			inputFileListPaths = (
			);
			inputPaths = (
				"${PODS_PODFILE_DIR_PATH}/Podfile.lock",
				"${PODS_ROOT}/Manifest.lock",
			);
			name = "[CP] Check Pods Manifest.lock";
			outputFileListPaths = (
			);
			outputPaths = (
				"$(DERIVED_FILE_DIR)/Pods-enam-dua-test-checkManifestLockResult.txt",
			);
			runOnlyForDeploymentPostprocessing = 0;
			shellPath = /bin/sh;
			shellScript = "diff \"${PODS_PODFILE_DIR_PATH}/Podfile.lock\" \"${PODS_ROOT}/Manifest.lock\" > /dev/null\nif [ $? != 0 ] ; then\n    # print error to STDERR\n    echo \"error: The sandbox is not in sync with the Podfile.lock. Run 'pod install' or update your CocoaPods installation.\" >&2\n    exit 1\nfi\n# This output is used by Xcode 'outputs' to avoid re-running this script phase.\necho \"SUCCESS\" > \"${SCRIPT_OUTPUT_FILE_0}\"\n";
			showEnvVarsInLog = 0;
		};
/* End PBXShellScriptBuildPhase section */

/* Begin PBXSourcesBuildPhase section */
		3875D18A29F82E3200427439 /* Sources */ = {
			isa = PBXSourcesBuildPhase;
			buildActionMask = 2147483647;
			files = (
				38A1F37F2A027A39006EF51B /* YelpResponse.swift in Sources */,
				38A1F3832A027CA4006EF51B /* BusinessShort.swift in Sources */,
				3875D19629F82E3200427439 /* ViewController.swift in Sources */,
				3875D19229F82E3200427439 /* AppDelegate.swift in Sources */,
				3875D19429F82E3200427439 /* SceneDelegate.swift in Sources */,
				38A1F37A2A0275D9006EF51B /* YelpService.swift in Sources */,
				38A1F3812A027A55006EF51B /* Category.swift in Sources */,
			);
			runOnlyForDeploymentPostprocessing = 0;
		};
/* End PBXSourcesBuildPhase section */

/* Begin PBXVariantGroup section */
		3875D19729F82E3200427439 /* Main.storyboard */ = {
			isa = PBXVariantGroup;
			children = (
				3875D19829F82E3200427439 /* Base */,
			);
			name = Main.storyboard;
			sourceTree = "<group>";
		};
		3875D19C29F82E3700427439 /* LaunchScreen.storyboard */ = {
			isa = PBXVariantGroup;
			children = (
				3875D19D29F82E3700427439 /* Base */,
			);
			name = LaunchScreen.storyboard;
			sourceTree = "<group>";
		};
/* End PBXVariantGroup section */

/* Begin XCBuildConfiguration section */
		3875D1A029F82E3700427439 /* Debug */ = {
			isa = XCBuildConfiguration;
			buildSettings = {
				ALWAYS_SEARCH_USER_PATHS = NO;
				CLANG_ANALYZER_NONNULL = YES;
				CLANG_ANALYZER_NUMBER_OBJECT_CONVERSION = YES_AGGRESSIVE;
				CLANG_CXX_LANGUAGE_STANDARD = "gnu++17";
				CLANG_CXX_LIBRARY = "libc++";
				CLANG_ENABLE_MODULES = YES;
				CLANG_ENABLE_OBJC_ARC = YES;
				CLANG_ENABLE_OBJC_WEAK = YES;
				CLANG_WARN_BLOCK_CAPTURE_AUTORELEASING = YES;
				CLANG_WARN_BOOL_CONVERSION = YES;
				CLANG_WARN_COMMA = YES;
				CLANG_WARN_CONSTANT_CONVERSION = YES;
				CLANG_WARN_DEPRECATED_OBJC_IMPLEMENTATIONS = YES;
				CLANG_WARN_DIRECT_OBJC_ISA_USAGE = YES_ERROR;
				CLANG_WARN_DOCUMENTATION_COMMENTS = YES;
				CLANG_WARN_EMPTY_BODY = YES;
				CLANG_WARN_ENUM_CONVERSION = YES;
				CLANG_WARN_INFINITE_RECURSION = YES;
				CLANG_WARN_INT_CONVERSION = YES;
				CLANG_WARN_NON_LITERAL_NULL_CONVERSION = YES;
				CLANG_WARN_OBJC_IMPLICIT_RETAIN_SELF = YES;
				CLANG_WARN_OBJC_LITERAL_CONVERSION = YES;
				CLANG_WARN_OBJC_ROOT_CLASS = YES_ERROR;
				CLANG_WARN_QUOTED_INCLUDE_IN_FRAMEWORK_HEADER = YES;
				CLANG_WARN_RANGE_LOOP_ANALYSIS = YES;
				CLANG_WARN_STRICT_PROTOTYPES = YES;
				CLANG_WARN_SUSPICIOUS_MOVE = YES;
				CLANG_WARN_UNGUARDED_AVAILABILITY = YES_AGGRESSIVE;
				CLANG_WARN_UNREACHABLE_CODE = YES;
				CLANG_WARN__DUPLICATE_METHOD_MATCH = YES;
				COPY_PHASE_STRIP = NO;
				DEBUG_INFORMATION_FORMAT = dwarf;
				ENABLE_STRICT_OBJC_MSGSEND = YES;
				ENABLE_TESTABILITY = YES;
				GCC_C_LANGUAGE_STANDARD = gnu11;
				GCC_DYNAMIC_NO_PIC = NO;
				GCC_NO_COMMON_BLOCKS = YES;
				GCC_OPTIMIZATION_LEVEL = 0;
				GCC_PREPROCESSOR_DEFINITIONS = (
					"DEBUG=1",
					"$(inherited)",
				);
				GCC_WARN_64_TO_32_BIT_CONVERSION = YES;
				GCC_WARN_ABOUT_RETURN_TYPE = YES_ERROR;
				GCC_WARN_UNDECLARED_SELECTOR = YES;
				GCC_WARN_UNINITIALIZED_AUTOS = YES_AGGRESSIVE;
				GCC_WARN_UNUSED_FUNCTION = YES;
				GCC_WARN_UNUSED_VARIABLE = YES;
				IPHONEOS_DEPLOYMENT_TARGET = 15.2;
				MTL_ENABLE_DEBUG_INFO = INCLUDE_SOURCE;
				MTL_FAST_MATH = YES;
				ONLY_ACTIVE_ARCH = YES;
				SDKROOT = iphoneos;
				SWIFT_ACTIVE_COMPILATION_CONDITIONS = DEBUG;
				SWIFT_OPTIMIZATION_LEVEL = "-Onone";
			};
			name = Debug;
		};
		3875D1A129F82E3700427439 /* Release */ = {
			isa = XCBuildConfiguration;
			buildSettings = {
				ALWAYS_SEARCH_USER_PATHS = NO;
				CLANG_ANALYZER_NONNULL = YES;
				CLANG_ANALYZER_NUMBER_OBJECT_CONVERSION = YES_AGGRESSIVE;
				CLANG_CXX_LANGUAGE_STANDARD = "gnu++17";
				CLANG_CXX_LIBRARY = "libc++";
				CLANG_ENABLE_MODULES = YES;
				CLANG_ENABLE_OBJC_ARC = YES;
				CLANG_ENABLE_OBJC_WEAK = YES;
				CLANG_WARN_BLOCK_CAPTURE_AUTORELEASING = YES;
				CLANG_WARN_BOOL_CONVERSION = YES;
				CLANG_WARN_COMMA = YES;
				CLANG_WARN_CONSTANT_CONVERSION = YES;
				CLANG_WARN_DEPRECATED_OBJC_IMPLEMENTATIONS = YES;
				CLANG_WARN_DIRECT_OBJC_ISA_USAGE = YES_ERROR;
				CLANG_WARN_DOCUMENTATION_COMMENTS = YES;
				CLANG_WARN_EMPTY_BODY = YES;
				CLANG_WARN_ENUM_CONVERSION = YES;
				CLANG_WARN_INFINITE_RECURSION = YES;
				CLANG_WARN_INT_CONVERSION = YES;
				CLANG_WARN_NON_LITERAL_NULL_CONVERSION = YES;
				CLANG_WARN_OBJC_IMPLICIT_RETAIN_SELF = YES;
				CLANG_WARN_OBJC_LITERAL_CONVERSION = YES;
				CLANG_WARN_OBJC_ROOT_CLASS = YES_ERROR;
				CLANG_WARN_QUOTED_INCLUDE_IN_FRAMEWORK_HEADER = YES;
				CLANG_WARN_RANGE_LOOP_ANALYSIS = YES;
				CLANG_WARN_STRICT_PROTOTYPES = YES;
				CLANG_WARN_SUSPICIOUS_MOVE = YES;
				CLANG_WARN_UNGUARDED_AVAILABILITY = YES_AGGRESSIVE;
				CLANG_WARN_UNREACHABLE_CODE = YES;
				CLANG_WARN__DUPLICATE_METHOD_MATCH = YES;
				COPY_PHASE_STRIP = NO;
				DEBUG_INFORMATION_FORMAT = "dwarf-with-dsym";
				ENABLE_NS_ASSERTIONS = NO;
				ENABLE_STRICT_OBJC_MSGSEND = YES;
				GCC_C_LANGUAGE_STANDARD = gnu11;
				GCC_NO_COMMON_BLOCKS = YES;
				GCC_WARN_64_TO_32_BIT_CONVERSION = YES;
				GCC_WARN_ABOUT_RETURN_TYPE = YES_ERROR;
				GCC_WARN_UNDECLARED_SELECTOR = YES;
				GCC_WARN_UNINITIALIZED_AUTOS = YES_AGGRESSIVE;
				GCC_WARN_UNUSED_FUNCTION = YES;
				GCC_WARN_UNUSED_VARIABLE = YES;
				IPHONEOS_DEPLOYMENT_TARGET = 15.2;
				MTL_ENABLE_DEBUG_INFO = NO;
				MTL_FAST_MATH = YES;
				SDKROOT = iphoneos;
				SWIFT_COMPILATION_MODE = wholemodule;
				SWIFT_OPTIMIZATION_LEVEL = "-O";
				VALIDATE_PRODUCT = YES;
			};
			name = Release;
		};
		3875D1A329F82E3700427439 /* Debug */ = {
			isa = XCBuildConfiguration;
			baseConfigurationReference = 4278761C35B73EAEF4EC7E42 /* Pods-enam-dua-test.debug.xcconfig */;
			buildSettings = {
				ASSETCATALOG_COMPILER_APPICON_NAME = AppIcon;
				ASSETCATALOG_COMPILER_GLOBAL_ACCENT_COLOR_NAME = AccentColor;
				CODE_SIGN_STYLE = Automatic;
				CURRENT_PROJECT_VERSION = 1;
				GENERATE_INFOPLIST_FILE = YES;
				INFOPLIST_FILE = "enam-dua-test/Info.plist";
				INFOPLIST_KEY_UIApplicationSupportsIndirectInputEvents = YES;
				INFOPLIST_KEY_UILaunchStoryboardName = LaunchScreen;
				INFOPLIST_KEY_UIMainStoryboardFile = Main;
				INFOPLIST_KEY_UISupportedInterfaceOrientations_iPad = "UIInterfaceOrientationPortrait UIInterfaceOrientationPortraitUpsideDown UIInterfaceOrientationLandscapeLeft UIInterfaceOrientationLandscapeRight";
				INFOPLIST_KEY_UISupportedInterfaceOrientations_iPhone = "UIInterfaceOrientationPortrait UIInterfaceOrientationLandscapeLeft UIInterfaceOrientationLandscapeRight";
				LD_RUNPATH_SEARCH_PATHS = (
					"$(inherited)",
					"@executable_path/Frameworks",
				);
				MARKETING_VERSION = 1.0;
				PRODUCT_BUNDLE_IDENTIFIER = "com.anggifergian.enam-dua-test";
				PRODUCT_NAME = "$(TARGET_NAME)";
				SWIFT_EMIT_LOC_STRINGS = YES;
				SWIFT_VERSION = 5.0;
				TARGETED_DEVICE_FAMILY = "1,2";
			};
			name = Debug;
		};
		3875D1A429F82E3700427439 /* Release */ = {
			isa = XCBuildConfiguration;
			baseConfigurationReference = B8A2F23D33C53C46951B8D8F /* Pods-enam-dua-test.release.xcconfig */;
			buildSettings = {
				ASSETCATALOG_COMPILER_APPICON_NAME = AppIcon;
				ASSETCATALOG_COMPILER_GLOBAL_ACCENT_COLOR_NAME = AccentColor;
				CODE_SIGN_STYLE = Automatic;
				CURRENT_PROJECT_VERSION = 1;
				GENERATE_INFOPLIST_FILE = YES;
				INFOPLIST_FILE = "enam-dua-test/Info.plist";
				INFOPLIST_KEY_UIApplicationSupportsIndirectInputEvents = YES;
				INFOPLIST_KEY_UILaunchStoryboardName = LaunchScreen;
				INFOPLIST_KEY_UIMainStoryboardFile = Main;
				INFOPLIST_KEY_UISupportedInterfaceOrientations_iPad = "UIInterfaceOrientationPortrait UIInterfaceOrientationPortraitUpsideDown UIInterfaceOrientationLandscapeLeft UIInterfaceOrientationLandscapeRight";
				INFOPLIST_KEY_UISupportedInterfaceOrientations_iPhone = "UIInterfaceOrientationPortrait UIInterfaceOrientationLandscapeLeft UIInterfaceOrientationLandscapeRight";
				LD_RUNPATH_SEARCH_PATHS = (
					"$(inherited)",
					"@executable_path/Frameworks",
				);
				MARKETING_VERSION = 1.0;
				PRODUCT_BUNDLE_IDENTIFIER = "com.anggifergian.enam-dua-test";
				PRODUCT_NAME = "$(TARGET_NAME)";
				SWIFT_EMIT_LOC_STRINGS = YES;
				SWIFT_VERSION = 5.0;
				TARGETED_DEVICE_FAMILY = "1,2";
			};
			name = Release;
		};
/* End XCBuildConfiguration section */

/* Begin XCConfigurationList section */
		3875D18929F82E3200427439 /* Build configuration list for PBXProject "enam-dua-test" */ = {
			isa = XCConfigurationList;
			buildConfigurations = (
				3875D1A029F82E3700427439 /* Debug */,
				3875D1A129F82E3700427439 /* Release */,
			);
			defaultConfigurationIsVisible = 0;
			defaultConfigurationName = Release;
		};
		3875D1A229F82E3700427439 /* Build configuration list for PBXNativeTarget "enam-dua-test" */ = {
			isa = XCConfigurationList;
			buildConfigurations = (
				3875D1A329F82E3700427439 /* Debug */,
				3875D1A429F82E3700427439 /* Release */,
			);
			defaultConfigurationIsVisible = 0;
			defaultConfigurationName = Release;
		};
/* End XCConfigurationList section */
	};
	rootObject = 3875D18629F82E3100427439 /* Project object */;
}
